
Microsoft Visual Studio Solution File, Format Version 12.00
# Visual Studio Version 16
VisualStudioVersion = 16.0.33423.256
MinimumVisualStudioVersion = 10.0.40219.1
Project("{C9674DCB-5085-4A16-B785-4C70DD1589BD}") = "BI_DSS", "BI_DSS\BI_DSS.dtproj", "{77BF98D2-73CF-443F-A6D6-A857B3C781F3}"
EndProject
Global
	GlobalSection(SolutionConfigurationPlatforms) = preSolution
		Development|Default = Development|Default
	EndGlobalSection
	GlobalSection(ProjectConfigurationPlatforms) = postSolution
		{77BF98D2-73CF-443F-A6D6-A857B3C781F3}.Development|Default.ActiveCfg = Development
		{77BF98D2-73CF-443F-A6D6-A857B3C781F3}.Development|Default.Build.0 = Development
	EndGlobalSection
	GlobalSection(SolutionProperties) = preSolution
		HideSolutionNode = FALSE
	EndGlobalSection
	GlobalSection(ExtensibilityGlobals) = postSolution
		SolutionGuid = {BF573572-878D-4D0F-90DB-B05CAFB3DD62}
	EndGlobalSection
EndGlobal
